
Microsoft Visual Studio Solution File, Format Version 11.00
# Visual Studio 2010
Project("{FAE04EC0-301F-11D3-BF4B-00C04F79EFBC}") = "ZIUM", "Assembly-CSharp-firstpass.csproj", "{77026A4E-3160-0C6B-B5CB-44CFE50E825D}"
EndProject
Project("{FAE04EC0-301F-11D3-BF4B-00C04F79EFBC}") = "ZIUM", "Assembly-CSharp.csproj", "{31AEB7E4-E97C-9392-6E23-EC86FAFF215E}"
EndProject
Project("{FAE04EC0-301F-11D3-BF4B-00C04F79EFBC}") = "ZIUM", "Assembly-CSharp-Editor-firstpass.csproj", "{8A8F54EB-7A39-3C46-5D8A-EDC1B0B82CFA}"
EndProject
Global
	GlobalSection(SolutionConfigurationPlatforms) = preSolution
		Debug|Any CPU = Debug|Any CPU
		Release|Any CPU = Release|Any CPU
	EndGlobalSection
	GlobalSection(ProjectConfigurationPlatforms) = postSolution
		{77026A4E-3160-0C6B-B5CB-44CFE50E825D}.Debug|Any CPU.ActiveCfg = Debug|Any CPU
		{77026A4E-3160-0C6B-B5CB-44CFE50E825D}.Debug|Any CPU.Build.0 = Debug|Any CPU
		{77026A4E-3160-0C6B-B5CB-44CFE50E825D}.Release|Any CPU.ActiveCfg = Release|Any CPU
		{77026A4E-3160-0C6B-B5CB-44CFE50E825D}.Release|Any CPU.Build.0 = Release|Any CPU
		{31AEB7E4-E97C-9392-6E23-EC86FAFF215E}.Debug|Any CPU.ActiveCfg = Debug|Any CPU
		{31AEB7E4-E97C-9392-6E23-EC86FAFF215E}.Debug|Any CPU.Build.0 = Debug|Any CPU
		{31AEB7E4-E97C-9392-6E23-EC86FAFF215E}.Release|Any CPU.ActiveCfg = Release|Any CPU
		{31AEB7E4-E97C-9392-6E23-EC86FAFF215E}.Release|Any CPU.Build.0 = Release|Any CPU
		{8A8F54EB-7A39-3C46-5D8A-EDC1B0B82CFA}.Debug|Any CPU.ActiveCfg = Debug|Any CPU
		{8A8F54EB-7A39-3C46-5D8A-EDC1B0B82CFA}.Debug|Any CPU.Build.0 = Debug|Any CPU
		{8A8F54EB-7A39-3C46-5D8A-EDC1B0B82CFA}.Release|Any CPU.ActiveCfg = Release|Any CPU
		{8A8F54EB-7A39-3C46-5D8A-EDC1B0B82CFA}.Release|Any CPU.Build.0 = Release|Any CPU
	EndGlobalSection
	GlobalSection(SolutionProperties) = preSolution
		HideSolutionNode = FALSE
	EndGlobalSection
	GlobalSection(MonoDevelopProperties) = preSolution
		StartupItem = Assembly-CSharp.csproj
	EndGlobalSection
EndGlobal
